<?xml version="1.0" encoding="utf-8"?>
<Project ToolsVersion="4.0" xmlns="http://schemas.microsoft.com/developer/msbuild/2003">
  <ItemGroup>
    <Filter Include="framework">
      <UniqueIdentifier>{c217f03e-ed09-4b95-a04c-8b1fe437511e}</UniqueIdentifier>
    </Filter>
    <Filter Include="game">
      <UniqueIdentifier>{c6f5700e-0f1f-4bd1-85ce-d9214558ce32}</UniqueIdentifier>
    </Filter>
  </ItemGroup>
  <ItemGroup>
    <ClCompile Include="src\main.cpp" />
  </ItemGroup>
</Project>